
Microsoft Visual Studio Solution File, Format Version 12.00
# Visual Studio Version 16
VisualStudioVersion = 16.0.31105.61
MinimumVisualStudioVersion = 10.0.40219.1
Project("{FAE04EC0-301F-11D3-BF4B-00C04F79EFBC}") = "ParserFisrtProgram", "ParserFisrtProgram\ParserFisrtProgram.csproj", "{1933DD2A-40C9-473A-BF00-E9E11630EB64}"
EndProject
Global
	GlobalSection(SolutionConfigurationPlatforms) = preSolution
		Debug|Any CPU = Debug|Any CPU
		Release|Any CPU = Release|Any CPU
	EndGlobalSection
	GlobalSection(ProjectConfigurationPlatforms) = postSolution
		{1933DD2A-40C9-473A-BF00-E9E11630EB64}.Debug|Any CPU.ActiveCfg = Debug|Any CPU
		{1933DD2A-40C9-473A-BF00-E9E11630EB64}.Debug|Any CPU.Build.0 = Debug|Any CPU
		{1933DD2A-40C9-473A-BF00-E9E11630EB64}.Release|Any CPU.ActiveCfg = Release|Any CPU
		{1933DD2A-40C9-473A-BF00-E9E11630EB64}.Release|Any CPU.Build.0 = Release|Any CPU
	EndGlobalSection
	GlobalSection(SolutionProperties) = preSolution
		HideSolutionNode = FALSE
	EndGlobalSection
	GlobalSection(ExtensibilityGlobals) = postSolution
		SolutionGuid = {C8C3E2CB-EBCA-4E11-A209-D6E649B16307}
	EndGlobalSection
EndGlobal
